github.com/catalinc/hashcash v1.0.0 h1:DiI2kBNCczy7y3xJnLddIl7KGx0yP4B7irFZZ+yzzwc=
github.com/catalinc/hashcash v1.0.0/go.mod h1:ldWL6buwYCK4VqIkLbZuFbGUoJceSafm8duCEQYw9Jw=
github.com/google/uuid v1.6.0 h1:NIvaJDMOsjHA8n1jAhLSgzrAzy1Hgr+hNrb57e+94F0=
github.com/google/uuid v1.6.0/go.mod h1:TIyPZe4MgqvfeYDBFedMoGGpEw/LqOeaOT+nhxU+yHo=
